
Microsoft Visual Studio Solution File, Format Version 12.00
# Visual Studio 15
VisualStudioVersion = 15.0.28307.489
MinimumVisualStudioVersion = 10.0.40219.1
Project("{8BC9CEB8-8B4A-11D0-8D11-00A0C91BC942}") = "DirectX11FrameWork", "DirectX11FrameWork\DirectX11FrameWork.vcxproj", "{BCB00B54-3DA6-43A8-B4A5-FB9D541360CF}"
EndProject
Global
	GlobalSection(SolutionConfigurationPlatforms) = preSolution
		Debug|x64 = Debug|x64
		Debug|x86 = Debug|x86
		Release|x64 = Release|x64
		Release|x86 = Release|x86
	EndGlobalSection
	GlobalSection(ProjectConfigurationPlatforms) = postSolution
		{BCB00B54-3DA6-43A8-B4A5-FB9D541360CF}.Debug|x64.ActiveCfg = Debug|x64
		{BCB00B54-3DA6-43A8-B4A5-FB9D541360CF}.Debug|x64.Build.0 = Debug|x64
		{BCB00B54-3DA6-43A8-B4A5-FB9D541360CF}.Debug|x86.ActiveCfg = Debug|Win32
		{BCB00B54-3DA6-43A8-B4A5-FB9D541360CF}.Debug|x86.Build.0 = Debug|Win32
		{BCB00B54-3DA6-43A8-B4A5-FB9D541360CF}.Release|x64.ActiveCfg = Release|x64
		{BCB00B54-3DA6-43A8-B4A5-FB9D541360CF}.Release|x64.Build.0 = Release|x64
		{BCB00B54-3DA6-43A8-B4A5-FB9D541360CF}.Release|x86.ActiveCfg = Release|Win32
		{BCB00B54-3DA6-43A8-B4A5-FB9D541360CF}.Release|x86.Build.0 = Release|Win32
	EndGlobalSection
	GlobalSection(SolutionProperties) = preSolution
		HideSolutionNode = FALSE
	EndGlobalSection
	GlobalSection(ExtensibilityGlobals) = postSolution
		SolutionGuid = {8AFD6646-31BF-4581-A1C7-EB8C53A90B02}
	EndGlobalSection
EndGlobal
